{
  "name": "website-carbon-footprint",
  "version": "1.0.0",
  "lockfileVersion": 3,
  "requires": true,
  "packages": {
    "": {
      "name": "website-carbon-footprint",
      "version": "1.0.0",
      "license": "ISC",
      "dependencies": {
        "@tgwf/co2": "^0.19.0"
      }
    },
    "node_modules/@tgwf/co2": {
      "version": "0.19.0",
      "resolved": "https://registry.npmjs.org/@tgwf/co2/-/co2-0.19.0.tgz",
      "integrity": "sha512-3VkpB5H6OGQF2P6nESbThVEOfQrFjBz8wBDTEmhbJ4uEi67TsMt+Oyq7YOweOdUkSOJBPsezjf/5i/ScXgqGDA==",
      "license": "Apache-2.0",
      "engines": {
        "node": ">=14.0.0"
      }
    }
  }
}
